
Microsoft Visual Studio Solution File, Format Version 12.00
# Visual Studio Version 17
VisualStudioVersion = 17.2.32616.157
MinimumVisualStudioVersion = 10.0.40219.1
Project("{9A19103F-16F7-4668-BE54-9A1E7A4F7556}") = "eTickets", "eTickets\eTickets.csproj", "{2394C9AF-32D4-4C1A-8D84-A88ECB138227}"
EndProject
Global
	GlobalSection(SolutionConfigurationPlatforms) = preSolution
		Debug|Any CPU = Debug|Any CPU
		Release|Any CPU = Release|Any CPU
	EndGlobalSection
	GlobalSection(ProjectConfigurationPlatforms) = postSolution
		{2394C9AF-32D4-4C1A-8D84-A88ECB138227}.Debug|Any CPU.ActiveCfg = Debug|Any CPU
		{2394C9AF-32D4-4C1A-8D84-A88ECB138227}.Debug|Any CPU.Build.0 = Debug|Any CPU
		{2394C9AF-32D4-4C1A-8D84-A88ECB138227}.Release|Any CPU.ActiveCfg = Release|Any CPU
		{2394C9AF-32D4-4C1A-8D84-A88ECB138227}.Release|Any CPU.Build.0 = Release|Any CPU
	EndGlobalSection
	GlobalSection(SolutionProperties) = preSolution
		HideSolutionNode = FALSE
	EndGlobalSection
	GlobalSection(ExtensibilityGlobals) = postSolution
		SolutionGuid = {9D7C4244-4DE1-4925-AB4A-7F169D5BCC0A}
	EndGlobalSection
EndGlobal
